
Microsoft Visual Studio Solution File, Format Version 12.00
# Visual Studio 15
Project("{FAE04EC0-301F-11D3-BF4B-00C04F79EFBC}") = "ScriptTest", "ScriptTest.csproj", "{AD36E95E-F55C-BA8C-30A4-AFA021AFE615}"
EndProject
Global
	GlobalSection(SolutionConfigurationPlatforms) = preSolution
		Debug|Any CPU = Debug|Any CPU
		Release|Any CPU = Release|Any CPU
	EndGlobalSection
	GlobalSection(ProjectConfigurationPlatforms) = postSolution
		{AD36E95E-F55C-BA8C-30A4-AFA021AFE615}.Debug|Any CPU.ActiveCfg = Debug|Any CPU
		{AD36E95E-F55C-BA8C-30A4-AFA021AFE615}.Debug|Any CPU.Build.0 = Debug|Any CPU
		{AD36E95E-F55C-BA8C-30A4-AFA021AFE615}.Release|Any CPU.ActiveCfg = Release|Any CPU
		{AD36E95E-F55C-BA8C-30A4-AFA021AFE615}.Release|Any CPU.Build.0 = Release|Any CPU
	EndGlobalSection
	GlobalSection(SolutionProperties) = preSolution
		HideSolutionNode = FALSE
	EndGlobalSection
EndGlobal
